// !$*UTF8*$!
{
	archiveVersion = 1;
	classes = {
	};
	objectVersion = 46;
	objects = {

/* Begin PBXBuildFile section */
		252820211AF87CD100250213 /* TweetTableViewCell.swift in Sources */ = {isa = PBXBuildFile; fileRef = 252820201AF87CD100250213 /* TweetTableViewCell.swift */; };
		253E35191AF5B29900919FFA /* AppDelegate.swift in Sources */ = {isa = PBXBuildFile; fileRef = 253E35181AF5B29900919FFA /* AppDelegate.swift */; };
		253E351B1AF5B29900919FFA /* ViewController.swift in Sources */ = {isa = PBXBuildFile; fileRef = 253E351A1AF5B29900919FFA /* ViewController.swift */; };
		253E351E1AF5B29900919FFA /* Main.storyboard in Resources */ = {isa = PBXBuildFile; fileRef = 253E351C1AF5B29900919FFA /* Main.storyboard */; };
		253E35201AF5B29900919FFA /* Images.xcassets in Resources */ = {isa = PBXBuildFile; fileRef = 253E351F1AF5B29900919FFA /* Images.xcassets */; };
		253E35231AF5B29900919FFA /* LaunchScreen.xib in Resources */ = {isa = PBXBuildFile; fileRef = 253E35211AF5B29900919FFA /* LaunchScreen.xib */; };
		253E352F1AF5B29900919FFA /* twitTests.swift in Sources */ = {isa = PBXBuildFile; fileRef = 253E352E1AF5B29900919FFA /* twitTests.swift */; };
		253E35411AF6EA1A00919FFA /* TwitterClient.swift in Sources */ = {isa = PBXBuildFile; fileRef = 253E35401AF6EA1A00919FFA /* TwitterClient.swift */; };
		25855C391AF8952A00D18DF9 /* NewTweetViewController.swift in Sources */ = {isa = PBXBuildFile; fileRef = 25855C381AF8952A00D18DF9 /* NewTweetViewController.swift */; };
		25855C3B1AF8A24E00D18DF9 /* TweetDetailViewController.swift in Sources */ = {isa = PBXBuildFile; fileRef = 25855C3A1AF8A24E00D18DF9 /* TweetDetailViewController.swift */; };
		25FD21801AF85D9100DB3475 /* User.swift in Sources */ = {isa = PBXBuildFile; fileRef = 25FD217F1AF85D9100DB3475 /* User.swift */; };
		25FD21821AF85D9C00DB3475 /* Tweet.swift in Sources */ = {isa = PBXBuildFile; fileRef = 25FD21811AF85D9C00DB3475 /* Tweet.swift */; };
		25FD21851AF86DFC00DB3475 /* TweetsViewController.swift in Sources */ = {isa = PBXBuildFile; fileRef = 25FD21841AF86DFC00DB3475 /* TweetsViewController.swift */; };
		FACD0E9B68F00755AD82D649 /* libPods-twit.a in Frameworks */ = {isa = PBXBuildFile; fileRef = 96D814202D5CCBA44239EA0C /* libPods-twit.a */; };
/* End PBXBuildFile section */

/* Begin PBXContainerItemProxy section */
		253E35291AF5B29900919FFA /* PBXContainerItemProxy */ = {
			isa = PBXContainerItemProxy;
			containerPortal = 253E350B1AF5B29900919FFA /* Project object */;
			proxyType = 1;
			remoteGlobalIDString = 253E35121AF5B29900919FFA;
			remoteInfo = twit;
		};
/* End PBXContainerItemProxy section */

/* Begin PBXFileReference section */
		252820201AF87CD100250213 /* TweetTableViewCell.swift */ = {isa = PBXFileReference; fileEncoding = 4; lastKnownFileType = sourcecode.swift; path = TweetTableViewCell.swift; sourceTree = "<group>"; };
		253E35131AF5B29900919FFA /* twit.app */ = {isa = PBXFileReference; explicitFileType = wrapper.application; includeInIndex = 0; path = twit.app; sourceTree = BUILT_PRODUCTS_DIR; };
		253E35171AF5B29900919FFA /* Info.plist */ = {isa = PBXFileReference; lastKnownFileType = text.plist.xml; path = Info.plist; sourceTree = "<group>"; };
		253E35181AF5B29900919FFA /* AppDelegate.swift */ = {isa = PBXFileReference; lastKnownFileType = sourcecode.swift; path = AppDelegate.swift; sourceTree = "<group>"; };
		253E351A1AF5B29900919FFA /* ViewController.swift */ = {isa = PBXFileReference; lastKnownFileType = sourcecode.swift; path = ViewController.swift; sourceTree = "<group>"; };
		253E351D1AF5B29900919FFA /* Base */ = {isa = PBXFileReference; lastKnownFileType = file.storyboard; name = Base; path = Base.lproj/Main.storyboard; sourceTree = "<group>"; };
		253E351F1AF5B29900919FFA /* Images.xcassets */ = {isa = PBXFileReference; lastKnownFileType = folder.assetcatalog; path = Images.xcassets; sourceTree = "<group>"; };
		253E35221AF5B29900919FFA /* Base */ = {isa = PBXFileReference; lastKnownFileType = file.xib; name = Base; path = Base.lproj/LaunchScreen.xib; sourceTree = "<group>"; };
		253E35281AF5B29900919FFA /* twitTests.xctest */ = {isa = PBXFileReference; explicitFileType = wrapper.cfbundle; includeInIndex = 0; path = twitTests.xctest; sourceTree = BUILT_PRODUCTS_DIR; };
		253E352D1AF5B29900919FFA /* Info.plist */ = {isa = PBXFileReference; lastKnownFileType = text.plist.xml; path = Info.plist; sourceTree = "<group>"; };
		253E352E1AF5B29900919FFA /* twitTests.swift */ = {isa = PBXFileReference; lastKnownFileType = sourcecode.swift; path = twitTests.swift; sourceTree = "<group>"; };
		253E35381AF6E47C00919FFA /* twit-Bridging-Header.h */ = {isa = PBXFileReference; lastKnownFileType = sourcecode.c.h; path = "twit-Bridging-Header.h"; sourceTree = "<group>"; };
		253E35401AF6EA1A00919FFA /* TwitterClient.swift */ = {isa = PBXFileReference; fileEncoding = 4; lastKnownFileType = sourcecode.swift; path = TwitterClient.swift; sourceTree = "<group>"; };
		25855C381AF8952A00D18DF9 /* NewTweetViewController.swift */ = {isa = PBXFileReference; fileEncoding = 4; lastKnownFileType = sourcecode.swift; path = NewTweetViewController.swift; sourceTree = "<group>"; };
		25855C3A1AF8A24E00D18DF9 /* TweetDetailViewController.swift */ = {isa = PBXFileReference; fileEncoding = 4; lastKnownFileType = sourcecode.swift; path = TweetDetailViewController.swift; sourceTree = "<group>"; };
		25FD217F1AF85D9100DB3475 /* User.swift */ = {isa = PBXFileReference; fileEncoding = 4; lastKnownFileType = sourcecode.swift; path = User.swift; sourceTree = "<group>"; };
		25FD21811AF85D9C00DB3475 /* Tweet.swift */ = {isa = PBXFileReference; fileEncoding = 4; lastKnownFileType = sourcecode.swift; path = Tweet.swift; sourceTree = "<group>"; };
		25FD21841AF86DFC00DB3475 /* TweetsViewController.swift */ = {isa = PBXFileReference; fileEncoding = 4; lastKnownFileType = sourcecode.swift; path = TweetsViewController.swift; sourceTree = "<group>"; };
		4E0F39D9403DAACC4C5EB5F1 /* Pods-twit.debug.xcconfig */ = {isa = PBXFileReference; includeInIndex = 1; lastKnownFileType = text.xcconfig; name = "Pods-twit.debug.xcconfig"; path = "Pods/Target Support Files/Pods-twit/Pods-twit.debug.xcconfig"; sourceTree = "<group>"; };
		96D814202D5CCBA44239EA0C /* libPods-twit.a */ = {isa = PBXFileReference; explicitFileType = archive.ar; includeInIndex = 0; path = "libPods-twit.a"; sourceTree = BUILT_PRODUCTS_DIR; };
		C378D5267E6425A2286CE624 /* Pods-twit.release.xcconfig */ = {isa = PBXFileReference; includeInIndex = 1; lastKnownFileType = text.xcconfig; name = "Pods-twit.release.xcconfig"; path = "Pods/Target Support Files/Pods-twit/Pods-twit.release.xcconfig"; sourceTree = "<group>"; };
/* End PBXFileReference section */

/* Begin PBXFrameworksBuildPhase section */
		253E35101AF5B29900919FFA /* Frameworks */ = {
			isa = PBXFrameworksBuildPhase;
			buildActionMask = 2147483647;
			files = (
				FACD0E9B68F00755AD82D649 /* libPods-twit.a in Frameworks */,
			);
			runOnlyForDeploymentPostprocessing = 0;
		};
		253E35251AF5B29900919FFA /* Frameworks */ = {
			isa = PBXFrameworksBuildPhase;
			buildActionMask = 2147483647;
			files = (
			);
			runOnlyForDeploymentPostprocessing = 0;
		};
/* End PBXFrameworksBuildPhase section */

/* Begin PBXGroup section */
		253E350A1AF5B29900919FFA = {
			isa = PBXGroup;
			children = (
				253E35151AF5B29900919FFA /* twit */,
				253E352B1AF5B29900919FFA /* twitTests */,
				253E35141AF5B29900919FFA /* Products */,
				5786CEC5F71138B6D1A590CC /* Pods */,
				61C8571A2893C56C2C9D1FC7 /* Frameworks */,
			);
			sourceTree = "<group>";
		};
		253E35141AF5B29900919FFA /* Products */ = {
			isa = PBXGroup;
			children = (
				253E35131AF5B29900919FFA /* twit.app */,
				253E35281AF5B29900919FFA /* twitTests.xctest */,
			);
			name = Products;
			sourceTree = "<group>";
		};
		253E35151AF5B29900919FFA /* twit */ = {
			isa = PBXGroup;
			children = (
				253E353B1AF6E4D100919FFA /* API */,
				25FD217E1AF85D6A00DB3475 /* Models */,
				25FD21831AF86DE500DB3475 /* ViewControllers */,
				253E35181AF5B29900919FFA /* AppDelegate.swift */,
				253E351C1AF5B29900919FFA /* Main.storyboard */,
				253E351F1AF5B29900919FFA /* Images.xcassets */,
				253E35211AF5B29900919FFA /* LaunchScreen.xib */,
				253E35161AF5B29900919FFA /* Supporting Files */,
				253E35381AF6E47C00919FFA /* twit-Bridging-Header.h */,
			);
			path = twit;
			sourceTree = "<group>";
		};
		253E35161AF5B29900919FFA /* Supporting Files */ = {
			isa = PBXGroup;
			children = (
				253E35171AF5B29900919FFA /* Info.plist */,
			);
			name = "Supporting Files";
			sourceTree = "<group>";
		};
		253E352B1AF5B29900919FFA /* twitTests */ = {
			isa = PBXGroup;
			children = (
				253E352E1AF5B29900919FFA /* twitTests.swift */,
				253E352C1AF5B29900919FFA /* Supporting Files */,
			);
			path = twitTests;
			sourceTree = "<group>";
		};
		253E352C1AF5B29900919FFA /* Supporting Files */ = {
			isa = PBXGroup;
			children = (
				253E352D1AF5B29900919FFA /* Info.plist */,
			);
			name = "Supporting Files";
			sourceTree = "<group>";
		};
		253E353B1AF6E4D100919FFA /* API */ = {
			isa = PBXGroup;
			children = (
				253E35401AF6EA1A00919FFA /* TwitterClient.swift */,
			);
			name = API;
			sourceTree = "<group>";
		};
		25FD217E1AF85D6A00DB3475 /* Models */ = {
			isa = PBXGroup;
			children = (
				25FD217F1AF85D9100DB3475 /* User.swift */,
				25FD21811AF85D9C00DB3475 /* Tweet.swift */,
			);
			name = Models;
			sourceTree = "<group>";
		};
		25FD21831AF86DE500DB3475 /* ViewControllers */ = {
			isa = PBXGroup;
			children = (
				253E351A1AF5B29900919FFA /* ViewController.swift */,
				25FD21841AF86DFC00DB3475 /* TweetsViewController.swift */,
				252820201AF87CD100250213 /* TweetTableViewCell.swift */,
				25855C381AF8952A00D18DF9 /* NewTweetViewController.swift */,
				25855C3A1AF8A24E00D18DF9 /* TweetDetailViewController.swift */,
			);
			name = ViewControllers;
			sourceTree = "<group>";
		};
		5786CEC5F71138B6D1A590CC /* Pods */ = {
			isa = PBXGroup;
			children = (
				4E0F39D9403DAACC4C5EB5F1 /* Pods-twit.debug.xcconfig */,
				C378D5267E6425A2286CE624 /* Pods-twit.release.xcconfig */,
			);
			name = Pods;
			sourceTree = "<group>";
		};
		61C8571A2893C56C2C9D1FC7 /* Frameworks */ = {
			isa = PBXGroup;
			children = (
				96D814202D5CCBA44239EA0C /* libPods-twit.a */,
			);
			name = Frameworks;
			sourceTree = "<group>";
		};
/* End PBXGroup section */

/* Begin PBXNativeTarget section */
		253E35121AF5B29900919FFA /* twit */ = {
			isa = PBXNativeTarget;
			buildConfigurationList = 253E35321AF5B29900919FFA /* Build configuration list for PBXNativeTarget "twit" */;
			buildPhases = (
				0897982940C59069A2444DF5 /* Check Pods Manifest.lock */,
				253E350F1AF5B29900919FFA /* Sources */,
				253E35101AF5B29900919FFA /* Frameworks */,
				253E35111AF5B29900919FFA /* Resources */,
				94D3F9E8EFFB878612768D75 /* Copy Pods Resources */,
			);
			buildRules = (
			);
			dependencies = (
			);
			name = twit;
			productName = twit;
			productReference = 253E35131AF5B29900919FFA /* twit.app */;
			productType = "com.apple.product-type.application";
		};
		253E35271AF5B29900919FFA /* twitTests */ = {
			isa = PBXNativeTarget;
			buildConfigurationList = 253E35351AF5B29900919FFA /* Build configuration list for PBXNativeTarget "twitTests" */;
			buildPhases = (
				253E35241AF5B29900919FFA /* Sources */,
				253E35251AF5B29900919FFA /* Frameworks */,
				253E35261AF5B29900919FFA /* Resources */,
			);
			buildRules = (
			);
			dependencies = (
				253E352A1AF5B29900919FFA /* PBXTargetDependency */,
			);
			name = twitTests;
			productName = twitTests;
			productReference = 253E35281AF5B29900919FFA /* twitTests.xctest */;
			productType = "com.apple.product-type.bundle.unit-test";
		};
/* End PBXNativeTarget section */

/* Begin PBXProject section */
		253E350B1AF5B29900919FFA /* Project object */ = {
			isa = PBXProject;
			attributes = {
				LastUpgradeCheck = 0630;
				ORGANIZATIONNAME = "Yale Thomas";
				TargetAttributes = {
					253E35121AF5B29900919FFA = {
						CreatedOnToolsVersion = 6.3;
					};
					253E35271AF5B29900919FFA = {
						CreatedOnToolsVersion = 6.3;
						TestTargetID = 253E35121AF5B29900919FFA;
					};
				};
			};
			buildConfigurationList = 253E350E1AF5B29900919FFA /* Build configuration list for PBXProject "twit" */;
			compatibilityVersion = "Xcode 3.2";
			developmentRegion = English;
			hasScannedForEncodings = 0;
			knownRegions = (
				en,
				Base,
			);
			mainGroup = 253E350A1AF5B29900919FFA;
			productRefGroup = 253E35141AF5B29900919FFA /* Products */;
			projectDirPath = "";
			projectRoot = "";
			targets = (
				253E35121AF5B29900919FFA /* twit */,
				253E35271AF5B29900919FFA /* twitTests */,
			);
		};
/* End PBXProject section */

/* Begin PBXResourcesBuildPhase section */
		253E35111AF5B29900919FFA /* Resources */ = {
			isa = PBXResourcesBuildPhase;
			buildActionMask = 2147483647;
			files = (
				253E351E1AF5B29900919FFA /* Main.storyboard in Resources */,
				253E35231AF5B29900919FFA /* LaunchScreen.xib in Resources */,
				253E35201AF5B29900919FFA /* Images.xcassets in Resources */,
			);
			runOnlyForDeploymentPostprocessing = 0;
		};
		253E35261AF5B29900919FFA /* Resources */ = {
			isa = PBXResourcesBuildPhase;
			buildActionMask = 2147483647;
			files = (
			);
			runOnlyForDeploymentPostprocessing = 0;
		};
/* End PBXResourcesBuildPhase section */

/* Begin PBXShellScriptBuildPhase section */
		0897982940C59069A2444DF5 /* Check Pods Manifest.lock */ = {
			isa = PBXShellScriptBuildPhase;
			buildActionMask = 2147483647;
			files = (
			);
			inputPaths = (
			);
			name = "Check Pods Manifest.lock";
			outputPaths = (
			);
			runOnlyForDeploymentPostprocessing = 0;
			shellPath = /bin/sh;
			shellScript = "diff \"${PODS_ROOT}/../Podfile.lock\" \"${PODS_ROOT}/Manifest.lock\" > /dev/null\nif [[ $? != 0 ]] ; then\n    cat << EOM\nerror: The sandbox is not in sync with the Podfile.lock. Run 'pod install' or update your CocoaPods installation.\nEOM\n    exit 1\nfi\n";
			showEnvVarsInLog = 0;
		};
		94D3F9E8EFFB878612768D75 /* Copy Pods Resources */ = {
			isa = PBXShellScriptBuildPhase;
			buildActionMask = 2147483647;
			files = (
			);
			inputPaths = (
			);
			name = "Copy Pods Resources";
			outputPaths = (
			);
			runOnlyForDeploymentPostprocessing = 0;
			shellPath = /bin/sh;
			shellScript = "\"${SRCROOT}/Pods/Target Support Files/Pods-twit/Pods-twit-resources.sh\"\n";
			showEnvVarsInLog = 0;
		};
/* End PBXShellScriptBuildPhase section */

/* Begin PBXSourcesBuildPhase section */
		253E350F1AF5B29900919FFA /* Sources */ = {
			isa = PBXSourcesBuildPhase;
			buildActionMask = 2147483647;
			files = (
				25FD21801AF85D9100DB3475 /* User.swift in Sources */,
				25855C391AF8952A00D18DF9 /* NewTweetViewController.swift in Sources */,
				25855C3B1AF8A24E00D18DF9 /* TweetDetailViewController.swift in Sources */,
				25FD21821AF85D9C00DB3475 /* Tweet.swift in Sources */,
				25FD21851AF86DFC00DB3475 /* TweetsViewController.swift in Sources */,
				253E351B1AF5B29900919FFA /* ViewController.swift in Sources */,
				253E35411AF6EA1A00919FFA /* TwitterClient.swift in Sources */,
				253E35191AF5B29900919FFA /* AppDelegate.swift in Sources */,
				252820211AF87CD100250213 /* TweetTableViewCell.swift in Sources */,
			);
			runOnlyForDeploymentPostprocessing = 0;
		};
		253E35241AF5B29900919FFA /* Sources */ = {
			isa = PBXSourcesBuildPhase;
			buildActionMask = 2147483647;
			files = (
				253E352F1AF5B29900919FFA /* twitTests.swift in Sources */,
			);
			runOnlyForDeploymentPostprocessing = 0;
		};
/* End PBXSourcesBuildPhase section */

/* Begin PBXTargetDependency section */
		253E352A1AF5B29900919FFA /* PBXTargetDependency */ = {
			isa = PBXTargetDependency;
			target = 253E35121AF5B29900919FFA /* twit */;
			targetProxy = 253E35291AF5B29900919FFA /* PBXContainerItemProxy */;
		};
/* End PBXTargetDependency section */

/* Begin PBXVariantGroup section */
		253E351C1AF5B29900919FFA /* Main.storyboard */ = {
			isa = PBXVariantGroup;
			children = (
				253E351D1AF5B29900919FFA /* Base */,
			);
			name = Main.storyboard;
			sourceTree = "<group>";
		};
		253E35211AF5B29900919FFA /* LaunchScreen.xib */ = {
			isa = PBXVariantGroup;
			children = (
				253E35221AF5B29900919FFA /* Base */,
			);
			name = LaunchScreen.xib;
			sourceTree = "<group>";
		};
/* End PBXVariantGroup section */

/* Begin XCBuildConfiguration section */
		253E35301AF5B29900919FFA /* Debug */ = {
			isa = XCBuildConfiguration;
			buildSettings = {
				ALWAYS_SEARCH_USER_PATHS = NO;
				CLANG_CXX_LANGUAGE_STANDARD = "gnu++0x";
				CLANG_CXX_LIBRARY = "libc++";
				CLANG_ENABLE_MODULES = YES;
				CLANG_ENABLE_OBJC_ARC = YES;
				CLANG_WARN_BOOL_CONVERSION = YES;
				CLANG_WARN_CONSTANT_CONVERSION = YES;
				CLANG_WARN_DIRECT_OBJC_ISA_USAGE = YES_ERROR;
				CLANG_WARN_EMPTY_BODY = YES;
				CLANG_WARN_ENUM_CONVERSION = YES;
				CLANG_WARN_INT_CONVERSION = YES;
				CLANG_WARN_OBJC_ROOT_CLASS = YES_ERROR;
				CLANG_WARN_UNREACHABLE_CODE = YES;
				CLANG_WARN__DUPLICATE_METHOD_MATCH = YES;
				"CODE_SIGN_IDENTITY[sdk=iphoneos*]" = "iPhone Developer";
				COPY_PHASE_STRIP = NO;
				DEBUG_INFORMATION_FORMAT = "dwarf-with-dsym";
				ENABLE_STRICT_OBJC_MSGSEND = YES;
				GCC_C_LANGUAGE_STANDARD = gnu99;
				GCC_DYNAMIC_NO_PIC = NO;
				GCC_NO_COMMON_BLOCKS = YES;
				GCC_OPTIMIZATION_LEVEL = 0;
				GCC_PREPROCESSOR_DEFINITIONS = (
					"DEBUG=1",
					"$(inherited)",
				);
				GCC_SYMBOLS_PRIVATE_EXTERN = NO;
				GCC_WARN_64_TO_32_BIT_CONVERSION = YES;
				GCC_WARN_ABOUT_RETURN_TYPE = YES_ERROR;
				GCC_WARN_UNDECLARED_SELECTOR = YES;
				GCC_WARN_UNINITIALIZED_AUTOS = YES_AGGRESSIVE;
				GCC_WARN_UNUSED_FUNCTION = YES;
				GCC_WARN_UNUSED_VARIABLE = YES;
				IPHONEOS_DEPLOYMENT_TARGET = 8.3;
				MTL_ENABLE_DEBUG_INFO = YES;
				ONLY_ACTIVE_ARCH = YES;
				SDKROOT = iphoneos;
				SWIFT_OPTIMIZATION_LEVEL = "-Onone";
			};
			name = Debug;
		};
		253E35311AF5B29900919FFA /* Release */ = {
			isa = XCBuildConfiguration;
			buildSettings = {
				ALWAYS_SEARCH_USER_PATHS = NO;
				CLANG_CXX_LANGUAGE_STANDARD = "gnu++0x";
				CLANG_CXX_LIBRARY = "libc++";
				CLANG_ENABLE_MODULES = YES;
				CLANG_ENABLE_OBJC_ARC = YES;
				CLANG_WARN_BOOL_CONVERSION = YES;
				CLANG_WARN_CONSTANT_CONVERSION = YES;
				CLANG_WARN_DIRECT_OBJC_ISA_USAGE = YES_ERROR;
				CLANG_WARN_EMPTY_BODY = YES;
				CLANG_WARN_ENUM_CONVERSION = YES;
				CLANG_WARN_INT_CONVERSION = YES;
				CLANG_WARN_OBJC_ROOT_CLASS = YES_ERROR;
				CLANG_WARN_UNREACHABLE_CODE = YES;
				CLANG_WARN__DUPLICATE_METHOD_MATCH = YES;
				"CODE_SIGN_IDENTITY[sdk=iphoneos*]" = "iPhone Developer";
				COPY_PHASE_STRIP = NO;
				DEBUG_INFORMATION_FORMAT = "dwarf-with-dsym";
				ENABLE_NS_ASSERTIONS = NO;
				ENABLE_STRICT_OBJC_MSGSEND = YES;
				GCC_C_LANGUAGE_STANDARD = gnu99;
				GCC_NO_COMMON_BLOCKS = YES;
				GCC_WARN_64_TO_32_BIT_CONVERSION = YES;
				GCC_WARN_ABOUT_RETURN_TYPE = YES_ERROR;
				GCC_WARN_UNDECLARED_SELECTOR = YES;
				GCC_WARN_UNINITIALIZED_AUTOS = YES_AGGRESSIVE;
				GCC_WARN_UNUSED_FUNCTION = YES;
				GCC_WARN_UNUSED_VARIABLE = YES;
				IPHONEOS_DEPLOYMENT_TARGET = 8.3;
				MTL_ENABLE_DEBUG_INFO = NO;
				SDKROOT = iphoneos;
				VALIDATE_PRODUCT = YES;
			};
			name = Release;
		};
		253E35331AF5B29900919FFA /* Debug */ = {
			isa = XCBuildConfiguration;
			baseConfigurationReference = 4E0F39D9403DAACC4C5EB5F1 /* Pods-twit.debug.xcconfig */;
			buildSettings = {
				ASSETCATALOG_COMPILER_APPICON_NAME = AppIcon;
				CLANG_ENABLE_MODULES = YES;
				INFOPLIST_FILE = twit/Info.plist;
				LD_RUNPATH_SEARCH_PATHS = "$(inherited) @executable_path/Frameworks";
				PRODUCT_NAME = "$(TARGET_NAME)";
				SWIFT_OBJC_BRIDGING_HEADER = "twit/twit-Bridging-Header.h";
				SWIFT_OPTIMIZATION_LEVEL = "-Onone";
			};
			name = Debug;
		};
		253E35341AF5B29900919FFA /* Release */ = {
			isa = XCBuildConfiguration;
			baseConfigurationReference = C378D5267E6425A2286CE624 /* Pods-twit.release.xcconfig */;
			buildSettings = {
				ASSETCATALOG_COMPILER_APPICON_NAME = AppIcon;
				CLANG_ENABLE_MODULES = YES;
				INFOPLIST_FILE = twit/Info.plist;
				LD_RUNPATH_SEARCH_PATHS = "$(inherited) @executable_path/Frameworks";
				PRODUCT_NAME = "$(TARGET_NAME)";
				SWIFT_OBJC_BRIDGING_HEADER = "twit/twit-Bridging-Header.h";
			};
			name = Release;
		};
		253E35361AF5B29900919FFA /* Debug */ = {
			isa = XCBuildConfiguration;
			buildSettings = {
				BUNDLE_LOADER = "$(TEST_HOST)";
				FRAMEWORK_SEARCH_PATHS = (
					"$(SDKROOT)/Developer/Library/Frameworks",
					"$(inherited)",
				);
				GCC_PREPROCESSOR_DEFINITIONS = (
					"DEBUG=1",
					"$(inherited)",
				);
				INFOPLIST_FILE = twitTests/Info.plist;
				LD_RUNPATH_SEARCH_PATHS = "$(inherited) @executable_path/Frameworks @loader_path/Frameworks";
				PRODUCT_NAME = "$(TARGET_NAME)";
				TEST_HOST = "$(BUILT_PRODUCTS_DIR)/twit.app/twit";
			};
			name = Debug;
		};
		253E35371AF5B29900919FFA /* Release */ = {
			isa = XCBuildConfiguration;
			buildSettings = {
				BUNDLE_LOADER = "$(TEST_HOST)";
				FRAMEWORK_SEARCH_PATHS = (
					"$(SDKROOT)/Developer/Library/Frameworks",
					"$(inherited)",
				);
				INFOPLIST_FILE = twitTests/Info.plist;
				LD_RUNPATH_SEARCH_PATHS = "$(inherited) @executable_path/Frameworks @loader_path/Frameworks";
				PRODUCT_NAME = "$(TARGET_NAME)";
				TEST_HOST = "$(BUILT_PRODUCTS_DIR)/twit.app/twit";
			};
			name = Release;
		};
/* End XCBuildConfiguration section */

/* Begin XCConfigurationList section */
		253E350E1AF5B29900919FFA /* Build configuration list for PBXProject "twit" */ = {
			isa = XCConfigurationList;
			buildConfigurations = (
				253E35301AF5B29900919FFA /* Debug */,
				253E35311AF5B29900919FFA /* Release */,
			);
			defaultConfigurationIsVisible = 0;
			defaultConfigurationName = Release;
		};
		253E35321AF5B29900919FFA /* Build configuration list for PBXNativeTarget "twit" */ = {
			isa = XCConfigurationList;
			buildConfigurations = (
				253E35331AF5B29900919FFA /* Debug */,
				253E35341AF5B29900919FFA /* Release */,
			);
			defaultConfigurationIsVisible = 0;
			defaultConfigurationName = Release;
		};
		253E35351AF5B29900919FFA /* Build configuration list for PBXNativeTarget "twitTests" */ = {
			isa = XCConfigurationList;
			buildConfigurations = (
				253E35361AF5B29900919FFA /* Debug */,
				253E35371AF5B29900919FFA /* Release */,
			);
			defaultConfigurationIsVisible = 0;
			defaultConfigurationName = Release;
		};
/* End XCConfigurationList section */
	};
	rootObject = 253E350B1AF5B29900919FFA /* Project object */;
}
